
Microsoft Visual Studio Solution File, Format Version 12.00
# Visual Studio Version 17
VisualStudioVersion = 17.6.33927.249
MinimumVisualStudioVersion = 10.0.40219.1
Project("{FAE04EC0-301F-11D3-BF4B-00C04F79EFBC}") = "Ors.Innovation.EnhancedAI", "Ors.Innovation.EnhancedAI.csproj", "{C83A17C4-3BA8-430B-B739-000B8A1F0ABF}"
EndProject
Global
	GlobalSection(SolutionConfigurationPlatforms) = preSolution
		Debug|Any CPU = Debug|Any CPU
		Release|Any CPU = Release|Any CPU
	EndGlobalSection
	GlobalSection(ProjectConfigurationPlatforms) = postSolution
		{C83A17C4-3BA8-430B-B739-000B8A1F0ABF}.Debug|Any CPU.ActiveCfg = Debug|Any CPU
		{C83A17C4-3BA8-430B-B739-000B8A1F0ABF}.Debug|Any CPU.Build.0 = Debug|Any CPU
		{C83A17C4-3BA8-430B-B739-000B8A1F0ABF}.Release|Any CPU.ActiveCfg = Release|Any CPU
		{C83A17C4-3BA8-430B-B739-000B8A1F0ABF}.Release|Any CPU.Build.0 = Release|Any CPU
	EndGlobalSection
	GlobalSection(SolutionProperties) = preSolution
		HideSolutionNode = FALSE
	EndGlobalSection
	GlobalSection(ExtensibilityGlobals) = postSolution
		SolutionGuid = {594EDE07-F14B-4EBB-91D7-9FD4AE0C8D4C}
	EndGlobalSection
EndGlobal
